// !$*UTF8*$!
{
	archiveVersion = 1;
	classes = {
	};
	objectVersion = 50;
	objects = {

/* Begin PBXBuildFile section */
		18F9F09320C7F077003D70C6 /* AppDelegate.swift in Sources */ = {isa = PBXBuildFile; fileRef = 18F9F09220C7F077003D70C6 /* AppDelegate.swift */; };
		18F9F09520C7F077003D70C6 /* ViewController.swift in Sources */ = {isa = PBXBuildFile; fileRef = 18F9F09420C7F077003D70C6 /* ViewController.swift */; };
		18F9F09820C7F077003D70C6 /* Main.storyboard in Resources */ = {isa = PBXBuildFile; fileRef = 18F9F09620C7F077003D70C6 /* Main.storyboard */; };
		18F9F09A20C7F079003D70C6 /* Assets.xcassets in Resources */ = {isa = PBXBuildFile; fileRef = 18F9F09920C7F079003D70C6 /* Assets.xcassets */; };
		18F9F09D20C7F079003D70C6 /* LaunchScreen.storyboard in Resources */ = {isa = PBXBuildFile; fileRef = 18F9F09B20C7F079003D70C6 /* LaunchScreen.storyboard */; };
		18F9F0A620C7F0DB003D70C6 /* QRCTableView.swift in Sources */ = {isa = PBXBuildFile; fileRef = 18F9F0A520C7F0DB003D70C6 /* QRCTableView.swift */; };
		18F9F0A820C7F358003D70C6 /* QRCTableViewDataSource.swift in Sources */ = {isa = PBXBuildFile; fileRef = 18F9F0A720C7F358003D70C6 /* QRCTableViewDataSource.swift */; };
		18F9F0AA20C7F3AA003D70C6 /* QRCHeaderFooterElementData.swift in Sources */ = {isa = PBXBuildFile; fileRef = 18F9F0A920C7F3A9003D70C6 /* QRCHeaderFooterElementData.swift */; };
		18F9F0AC20C7F3DB003D70C6 /* QRCBaseElementData.swift in Sources */ = {isa = PBXBuildFile; fileRef = 18F9F0AB20C7F3DB003D70C6 /* QRCBaseElementData.swift */; };
		18F9F0AE20C7F4A6003D70C6 /* QRCSectionData.swift in Sources */ = {isa = PBXBuildFile; fileRef = 18F9F0AD20C7F4A6003D70C6 /* QRCSectionData.swift */; };
		18F9F0B020C8058E003D70C6 /* BaseCell.swift in Sources */ = {isa = PBXBuildFile; fileRef = 18F9F0AF20C8058E003D70C6 /* BaseCell.swift */; };
		18F9F0B220C80597003D70C6 /* BaseCell.xib in Resources */ = {isa = PBXBuildFile; fileRef = 18F9F0B120C80597003D70C6 /* BaseCell.xib */; };
/* End PBXBuildFile section */

/* Begin PBXFileReference section */
		18F9F08F20C7F077003D70C6 /* QRCTableView.app */ = {isa = PBXFileReference; explicitFileType = wrapper.application; includeInIndex = 0; path = QRCTableView.app; sourceTree = BUILT_PRODUCTS_DIR; };
		18F9F09220C7F077003D70C6 /* AppDelegate.swift */ = {isa = PBXFileReference; lastKnownFileType = sourcecode.swift; path = AppDelegate.swift; sourceTree = "<group>"; };
		18F9F09420C7F077003D70C6 /* ViewController.swift */ = {isa = PBXFileReference; lastKnownFileType = sourcecode.swift; path = ViewController.swift; sourceTree = "<group>"; };
		18F9F09720C7F077003D70C6 /* Base */ = {isa = PBXFileReference; lastKnownFileType = file.storyboard; name = Base; path = Base.lproj/Main.storyboard; sourceTree = "<group>"; };
		18F9F09920C7F079003D70C6 /* Assets.xcassets */ = {isa = PBXFileReference; lastKnownFileType = folder.assetcatalog; path = Assets.xcassets; sourceTree = "<group>"; };
		18F9F09C20C7F079003D70C6 /* Base */ = {isa = PBXFileReference; lastKnownFileType = file.storyboard; name = Base; path = Base.lproj/LaunchScreen.storyboard; sourceTree = "<group>"; };
		18F9F09E20C7F079003D70C6 /* Info.plist */ = {isa = PBXFileReference; lastKnownFileType = text.plist.xml; path = Info.plist; sourceTree = "<group>"; };
		18F9F0A520C7F0DB003D70C6 /* QRCTableView.swift */ = {isa = PBXFileReference; lastKnownFileType = sourcecode.swift; path = QRCTableView.swift; sourceTree = "<group>"; };
		18F9F0A720C7F358003D70C6 /* QRCTableViewDataSource.swift */ = {isa = PBXFileReference; lastKnownFileType = sourcecode.swift; path = QRCTableViewDataSource.swift; sourceTree = "<group>"; };
		18F9F0A920C7F3A9003D70C6 /* QRCHeaderFooterElementData.swift */ = {isa = PBXFileReference; lastKnownFileType = sourcecode.swift; path = QRCHeaderFooterElementData.swift; sourceTree = "<group>"; };
		18F9F0AB20C7F3DB003D70C6 /* QRCBaseElementData.swift */ = {isa = PBXFileReference; lastKnownFileType = sourcecode.swift; path = QRCBaseElementData.swift; sourceTree = "<group>"; };
		18F9F0AD20C7F4A6003D70C6 /* QRCSectionData.swift */ = {isa = PBXFileReference; lastKnownFileType = sourcecode.swift; path = QRCSectionData.swift; sourceTree = "<group>"; };
		18F9F0AF20C8058E003D70C6 /* BaseCell.swift */ = {isa = PBXFileReference; lastKnownFileType = sourcecode.swift; path = BaseCell.swift; sourceTree = "<group>"; };
		18F9F0B120C80597003D70C6 /* BaseCell.xib */ = {isa = PBXFileReference; lastKnownFileType = file.xib; path = BaseCell.xib; sourceTree = "<group>"; };
/* End PBXFileReference section */

/* Begin PBXFrameworksBuildPhase section */
		18F9F08C20C7F077003D70C6 /* Frameworks */ = {
			isa = PBXFrameworksBuildPhase;
			buildActionMask = 2147483647;
			files = (
			);
			runOnlyForDeploymentPostprocessing = 0;
		};
/* End PBXFrameworksBuildPhase section */

/* Begin PBXGroup section */
		18F9F08620C7F076003D70C6 = {
			isa = PBXGroup;
			children = (
				18F9F09120C7F077003D70C6 /* QRCTableView */,
				18F9F09020C7F077003D70C6 /* Products */,
			);
			sourceTree = "<group>";
		};
		18F9F09020C7F077003D70C6 /* Products */ = {
			isa = PBXGroup;
			children = (
				18F9F08F20C7F077003D70C6 /* QRCTableView.app */,
			);
			name = Products;
			sourceTree = "<group>";
		};
		18F9F09120C7F077003D70C6 /* QRCTableView */ = {
			isa = PBXGroup;
			children = (
				18F9F0A420C7F0C3003D70C6 /* QRCTableView */,
				18F9F09220C7F077003D70C6 /* AppDelegate.swift */,
				18F9F09420C7F077003D70C6 /* ViewController.swift */,
				18F9F0AF20C8058E003D70C6 /* BaseCell.swift */,
				18F9F0B120C80597003D70C6 /* BaseCell.xib */,
				18F9F09620C7F077003D70C6 /* Main.storyboard */,
				18F9F09920C7F079003D70C6 /* Assets.xcassets */,
				18F9F09B20C7F079003D70C6 /* LaunchScreen.storyboard */,
				18F9F09E20C7F079003D70C6 /* Info.plist */,
			);
			path = QRCTableView;
			sourceTree = "<group>";
		};
		18F9F0A420C7F0C3003D70C6 /* QRCTableView */ = {
			isa = PBXGroup;
			children = (
				18F9F0A520C7F0DB003D70C6 /* QRCTableView.swift */,
				18F9F0A720C7F358003D70C6 /* QRCTableViewDataSource.swift */,
				18F9F0A920C7F3A9003D70C6 /* QRCHeaderFooterElementData.swift */,
				18F9F0AB20C7F3DB003D70C6 /* QRCBaseElementData.swift */,
				18F9F0AD20C7F4A6003D70C6 /* QRCSectionData.swift */,
			);
			path = QRCTableView;
			sourceTree = "<group>";
		};
/* End PBXGroup section */

/* Begin PBXNativeTarget section */
		18F9F08E20C7F077003D70C6 /* QRCTableView */ = {
			isa = PBXNativeTarget;
			buildConfigurationList = 18F9F0A120C7F079003D70C6 /* Build configuration list for PBXNativeTarget "QRCTableView" */;
			buildPhases = (
				18F9F08B20C7F077003D70C6 /* Sources */,
				18F9F08C20C7F077003D70C6 /* Frameworks */,
				18F9F08D20C7F077003D70C6 /* Resources */,
			);
			buildRules = (
			);
			dependencies = (
			);
			name = QRCTableView;
			productName = QRCTableView;
			productReference = 18F9F08F20C7F077003D70C6 /* QRCTableView.app */;
			productType = "com.apple.product-type.application";
		};
/* End PBXNativeTarget section */

/* Begin PBXProject section */
		18F9F08720C7F077003D70C6 /* Project object */ = {
			isa = PBXProject;
			attributes = {
				LastSwiftUpdateCheck = 0940;
				LastUpgradeCheck = 0940;
				ORGANIZATIONNAME = Quantox;
				TargetAttributes = {
					18F9F08E20C7F077003D70C6 = {
						CreatedOnToolsVersion = 9.4;
					};
				};
			};
			buildConfigurationList = 18F9F08A20C7F077003D70C6 /* Build configuration list for PBXProject "QRCTableView" */;
			compatibilityVersion = "Xcode 9.3";
			developmentRegion = en;
			hasScannedForEncodings = 0;
			knownRegions = (
				en,
				Base,
			);
			mainGroup = 18F9F08620C7F076003D70C6;
			productRefGroup = 18F9F09020C7F077003D70C6 /* Products */;
			projectDirPath = "";
			projectRoot = "";
			targets = (
				18F9F08E20C7F077003D70C6 /* QRCTableView */,
			);
		};
/* End PBXProject section */

/* Begin PBXResourcesBuildPhase section */
		18F9F08D20C7F077003D70C6 /* Resources */ = {
			isa = PBXResourcesBuildPhase;
			buildActionMask = 2147483647;
			files = (
				18F9F0B220C80597003D70C6 /* BaseCell.xib in Resources */,
				18F9F09D20C7F079003D70C6 /* LaunchScreen.storyboard in Resources */,
				18F9F09A20C7F079003D70C6 /* Assets.xcassets in Resources */,
				18F9F09820C7F077003D70C6 /* Main.storyboard in Resources */,
			);
			runOnlyForDeploymentPostprocessing = 0;
		};
/* End PBXResourcesBuildPhase section */

/* Begin PBXSourcesBuildPhase section */
		18F9F08B20C7F077003D70C6 /* Sources */ = {
			isa = PBXSourcesBuildPhase;
			buildActionMask = 2147483647;
			files = (
				18F9F09520C7F077003D70C6 /* ViewController.swift in Sources */,
				18F9F09320C7F077003D70C6 /* AppDelegate.swift in Sources */,
				18F9F0AE20C7F4A6003D70C6 /* QRCSectionData.swift in Sources */,
				18F9F0AC20C7F3DB003D70C6 /* QRCBaseElementData.swift in Sources */,
				18F9F0B020C8058E003D70C6 /* BaseCell.swift in Sources */,
				18F9F0AA20C7F3AA003D70C6 /* QRCHeaderFooterElementData.swift in Sources */,
				18F9F0A620C7F0DB003D70C6 /* QRCTableView.swift in Sources */,
				18F9F0A820C7F358003D70C6 /* QRCTableViewDataSource.swift in Sources */,
			);
			runOnlyForDeploymentPostprocessing = 0;
		};
/* End PBXSourcesBuildPhase section */

/* Begin PBXVariantGroup section */
		18F9F09620C7F077003D70C6 /* Main.storyboard */ = {
			isa = PBXVariantGroup;
			children = (
				18F9F09720C7F077003D70C6 /* Base */,
			);
			name = Main.storyboard;
			sourceTree = "<group>";
		};
		18F9F09B20C7F079003D70C6 /* LaunchScreen.storyboard */ = {
			isa = PBXVariantGroup;
			children = (
				18F9F09C20C7F079003D70C6 /* Base */,
			);
			name = LaunchScreen.storyboard;
			sourceTree = "<group>";
		};
/* End PBXVariantGroup section */

/* Begin XCBuildConfiguration section */
		18F9F09F20C7F079003D70C6 /* Debug */ = {
			isa = XCBuildConfiguration;
			buildSettings = {
				ALWAYS_SEARCH_USER_PATHS = NO;
				CLANG_ANALYZER_NONNULL = YES;
				CLANG_ANALYZER_NUMBER_OBJECT_CONVERSION = YES_AGGRESSIVE;
				CLANG_CXX_LANGUAGE_STANDARD = "gnu++14";
				CLANG_CXX_LIBRARY = "libc++";
				CLANG_ENABLE_MODULES = YES;
				CLANG_ENABLE_OBJC_ARC = YES;
				CLANG_ENABLE_OBJC_WEAK = YES;
				CLANG_WARN_BLOCK_CAPTURE_AUTORELEASING = YES;
				CLANG_WARN_BOOL_CONVERSION = YES;
				CLANG_WARN_COMMA = YES;
				CLANG_WARN_CONSTANT_CONVERSION = YES;
				CLANG_WARN_DEPRECATED_OBJC_IMPLEMENTATIONS = YES;
				CLANG_WARN_DIRECT_OBJC_ISA_USAGE = YES_ERROR;
				CLANG_WARN_DOCUMENTATION_COMMENTS = YES;
				CLANG_WARN_EMPTY_BODY = YES;
				CLANG_WARN_ENUM_CONVERSION = YES;
				CLANG_WARN_INFINITE_RECURSION = YES;
				CLANG_WARN_INT_CONVERSION = YES;
				CLANG_WARN_NON_LITERAL_NULL_CONVERSION = YES;
				CLANG_WARN_OBJC_IMPLICIT_RETAIN_SELF = YES;
				CLANG_WARN_OBJC_LITERAL_CONVERSION = YES;
				CLANG_WARN_OBJC_ROOT_CLASS = YES_ERROR;
				CLANG_WARN_RANGE_LOOP_ANALYSIS = YES;
				CLANG_WARN_STRICT_PROTOTYPES = YES;
				CLANG_WARN_SUSPICIOUS_MOVE = YES;
				CLANG_WARN_UNGUARDED_AVAILABILITY = YES_AGGRESSIVE;
				CLANG_WARN_UNREACHABLE_CODE = YES;
				CLANG_WARN__DUPLICATE_METHOD_MATCH = YES;
				CODE_SIGN_IDENTITY = "iPhone Developer";
				COPY_PHASE_STRIP = NO;
				DEBUG_INFORMATION_FORMAT = dwarf;
				ENABLE_STRICT_OBJC_MSGSEND = YES;
				ENABLE_TESTABILITY = YES;
				GCC_C_LANGUAGE_STANDARD = gnu11;
				GCC_DYNAMIC_NO_PIC = NO;
				GCC_NO_COMMON_BLOCKS = YES;
				GCC_OPTIMIZATION_LEVEL = 0;
				GCC_PREPROCESSOR_DEFINITIONS = (
					"DEBUG=1",
					"$(inherited)",
				);
				GCC_WARN_64_TO_32_BIT_CONVERSION = YES;
				GCC_WARN_ABOUT_RETURN_TYPE = YES_ERROR;
				GCC_WARN_UNDECLARED_SELECTOR = YES;
				GCC_WARN_UNINITIALIZED_AUTOS = YES_AGGRESSIVE;
				GCC_WARN_UNUSED_FUNCTION = YES;
				GCC_WARN_UNUSED_VARIABLE = YES;
				IPHONEOS_DEPLOYMENT_TARGET = 11.4;
				MTL_ENABLE_DEBUG_INFO = YES;
				ONLY_ACTIVE_ARCH = YES;
				SDKROOT = iphoneos;
				SWIFT_ACTIVE_COMPILATION_CONDITIONS = DEBUG;
				SWIFT_OPTIMIZATION_LEVEL = "-Onone";
			};
			name = Debug;
		};
		18F9F0A020C7F079003D70C6 /* Release */ = {
			isa = XCBuildConfiguration;
			buildSettings = {
				ALWAYS_SEARCH_USER_PATHS = NO;
				CLANG_ANALYZER_NONNULL = YES;
				CLANG_ANALYZER_NUMBER_OBJECT_CONVERSION = YES_AGGRESSIVE;
				CLANG_CXX_LANGUAGE_STANDARD = "gnu++14";
				CLANG_CXX_LIBRARY = "libc++";
				CLANG_ENABLE_MODULES = YES;
				CLANG_ENABLE_OBJC_ARC = YES;
				CLANG_ENABLE_OBJC_WEAK = YES;
				CLANG_WARN_BLOCK_CAPTURE_AUTORELEASING = YES;
				CLANG_WARN_BOOL_CONVERSION = YES;
				CLANG_WARN_COMMA = YES;
				CLANG_WARN_CONSTANT_CONVERSION = YES;
				CLANG_WARN_DEPRECATED_OBJC_IMPLEMENTATIONS = YES;
				CLANG_WARN_DIRECT_OBJC_ISA_USAGE = YES_ERROR;
				CLANG_WARN_DOCUMENTATION_COMMENTS = YES;
				CLANG_WARN_EMPTY_BODY = YES;
				CLANG_WARN_ENUM_CONVERSION = YES;
				CLANG_WARN_INFINITE_RECURSION = YES;
				CLANG_WARN_INT_CONVERSION = YES;
				CLANG_WARN_NON_LITERAL_NULL_CONVERSION = YES;
				CLANG_WARN_OBJC_IMPLICIT_RETAIN_SELF = YES;
				CLANG_WARN_OBJC_LITERAL_CONVERSION = YES;
				CLANG_WARN_OBJC_ROOT_CLASS = YES_ERROR;
				CLANG_WARN_RANGE_LOOP_ANALYSIS = YES;
				CLANG_WARN_STRICT_PROTOTYPES = YES;
				CLANG_WARN_SUSPICIOUS_MOVE = YES;
				CLANG_WARN_UNGUARDED_AVAILABILITY = YES_AGGRESSIVE;
				CLANG_WARN_UNREACHABLE_CODE = YES;
				CLANG_WARN__DUPLICATE_METHOD_MATCH = YES;
				CODE_SIGN_IDENTITY = "iPhone Developer";
				COPY_PHASE_STRIP = NO;
				DEBUG_INFORMATION_FORMAT = "dwarf-with-dsym";
				ENABLE_NS_ASSERTIONS = NO;
				ENABLE_STRICT_OBJC_MSGSEND = YES;
				GCC_C_LANGUAGE_STANDARD = gnu11;
				GCC_NO_COMMON_BLOCKS = YES;
				GCC_WARN_64_TO_32_BIT_CONVERSION = YES;
				GCC_WARN_ABOUT_RETURN_TYPE = YES_ERROR;
				GCC_WARN_UNDECLARED_SELECTOR = YES;
				GCC_WARN_UNINITIALIZED_AUTOS = YES_AGGRESSIVE;
				GCC_WARN_UNUSED_FUNCTION = YES;
				GCC_WARN_UNUSED_VARIABLE = YES;
				IPHONEOS_DEPLOYMENT_TARGET = 11.4;
				MTL_ENABLE_DEBUG_INFO = NO;
				SDKROOT = iphoneos;
				SWIFT_COMPILATION_MODE = wholemodule;
				SWIFT_OPTIMIZATION_LEVEL = "-O";
				VALIDATE_PRODUCT = YES;
			};
			name = Release;
		};
		18F9F0A220C7F079003D70C6 /* Debug */ = {
			isa = XCBuildConfiguration;
			buildSettings = {
				ASSETCATALOG_COMPILER_APPICON_NAME = AppIcon;
				CODE_SIGN_STYLE = Automatic;
				DEVELOPMENT_TEAM = KUV6SQ5946;
				INFOPLIST_FILE = QRCTableView/Info.plist;
				LD_RUNPATH_SEARCH_PATHS = (
					"$(inherited)",
					"@executable_path/Frameworks",
				);
				PRODUCT_BUNDLE_IDENTIFIER = quantox.com.QRCTableView;
				PRODUCT_NAME = "$(TARGET_NAME)";
				SWIFT_VERSION = 4.0;
				TARGETED_DEVICE_FAMILY = "1,2";
			};
			name = Debug;
		};
		18F9F0A320C7F079003D70C6 /* Release */ = {
			isa = XCBuildConfiguration;
			buildSettings = {
				ASSETCATALOG_COMPILER_APPICON_NAME = AppIcon;
				CODE_SIGN_STYLE = Automatic;
				DEVELOPMENT_TEAM = KUV6SQ5946;
				INFOPLIST_FILE = QRCTableView/Info.plist;
				LD_RUNPATH_SEARCH_PATHS = (
					"$(inherited)",
					"@executable_path/Frameworks",
				);
				PRODUCT_BUNDLE_IDENTIFIER = quantox.com.QRCTableView;
				PRODUCT_NAME = "$(TARGET_NAME)";
				SWIFT_VERSION = 4.0;
				TARGETED_DEVICE_FAMILY = "1,2";
			};
			name = Release;
		};
/* End XCBuildConfiguration section */

/* Begin XCConfigurationList section */
		18F9F08A20C7F077003D70C6 /* Build configuration list for PBXProject "QRCTableView" */ = {
			isa = XCConfigurationList;
			buildConfigurations = (
				18F9F09F20C7F079003D70C6 /* Debug */,
				18F9F0A020C7F079003D70C6 /* Release */,
			);
			defaultConfigurationIsVisible = 0;
			defaultConfigurationName = Release;
		};
		18F9F0A120C7F079003D70C6 /* Build configuration list for PBXNativeTarget "QRCTableView" */ = {
			isa = XCConfigurationList;
			buildConfigurations = (
				18F9F0A220C7F079003D70C6 /* Debug */,
				18F9F0A320C7F079003D70C6 /* Release */,
			);
			defaultConfigurationIsVisible = 0;
			defaultConfigurationName = Release;
		};
/* End XCConfigurationList section */
	};
	rootObject = 18F9F08720C7F077003D70C6 /* Project object */;
}
